
Microsoft Visual Studio Solution File, Format Version 12.00
# Visual Studio 15
VisualStudioVersion = 15.0.28307.421
MinimumVisualStudioVersion = 10.0.40219.1
Project("{2150E333-8FDC-42A3-9474-1A3956D46DE8}") = "src", "src", "{EC34A1D1-60A4-4932-BF1E-C3209F958557}"
EndProject
Project("{2150E333-8FDC-42A3-9474-1A3956D46DE8}") = "services", "services", "{A317FD99-E84D-4357-99A7-895BB59739A5}"
EndProject
Project("{2150E333-8FDC-42A3-9474-1A3956D46DE8}") = "web", "web", "{25E97D6D-879D-4BA5-A9D9-66A47CD73065}"
EndProject
Project("{9A19103F-16F7-4668-BE54-9A1E7A4F7556}") = "BookAPI", "BookAPI\BookAPI.csproj", "{CA393680-1D34-46A9-8AA3-4F35E0B11E3D}"
EndProject
Project("{E53339B2-1760-4266-BCC7-CA923CBCF16C}") = "docker-compose", "docker-compose.dcproj", "{81267E52-A304-4DCB-9A92-B15CCD77CF51}"
EndProject
Project("{9A19103F-16F7-4668-BE54-9A1E7A4F7556}") = "WebMvc", "WebMvc\WebMvc.csproj", "{CCF7386E-33E9-4B56-A77C-0DEBB7EB12B1}"
EndProject
Project("{9A19103F-16F7-4668-BE54-9A1E7A4F7556}") = "TokenServiceApi", "TokenServiceApi\TokenServiceApi.csproj", "{6A16956B-23D6-4BFF-8B54-BB6BD41D53F0}"
EndProject
Project("{9A19103F-16F7-4668-BE54-9A1E7A4F7556}") = "CartApi", "CartApi\CartApi.csproj", "{C14E56B1-6B5B-4363-804A-08A1855F65B8}"
EndProject
Project("{9A19103F-16F7-4668-BE54-9A1E7A4F7556}") = "OrderApi", "OrderApi\OrderApi.csproj", "{8D31E0F2-3DDF-460C-9298-28B87A54CCF2}"
EndProject
Global
	GlobalSection(SolutionConfigurationPlatforms) = preSolution
		Debug|Any CPU = Debug|Any CPU
		Release|Any CPU = Release|Any CPU
	EndGlobalSection
	GlobalSection(ProjectConfigurationPlatforms) = postSolution
		{CA393680-1D34-46A9-8AA3-4F35E0B11E3D}.Debug|Any CPU.ActiveCfg = Debug|Any CPU
		{CA393680-1D34-46A9-8AA3-4F35E0B11E3D}.Debug|Any CPU.Build.0 = Debug|Any CPU
		{CA393680-1D34-46A9-8AA3-4F35E0B11E3D}.Release|Any CPU.ActiveCfg = Release|Any CPU
		{CA393680-1D34-46A9-8AA3-4F35E0B11E3D}.Release|Any CPU.Build.0 = Release|Any CPU
		{81267E52-A304-4DCB-9A92-B15CCD77CF51}.Debug|Any CPU.ActiveCfg = Debug|Any CPU
		{81267E52-A304-4DCB-9A92-B15CCD77CF51}.Debug|Any CPU.Build.0 = Debug|Any CPU
		{81267E52-A304-4DCB-9A92-B15CCD77CF51}.Release|Any CPU.ActiveCfg = Release|Any CPU
		{81267E52-A304-4DCB-9A92-B15CCD77CF51}.Release|Any CPU.Build.0 = Release|Any CPU
		{CCF7386E-33E9-4B56-A77C-0DEBB7EB12B1}.Debug|Any CPU.ActiveCfg = Debug|Any CPU
		{CCF7386E-33E9-4B56-A77C-0DEBB7EB12B1}.Debug|Any CPU.Build.0 = Debug|Any CPU
		{CCF7386E-33E9-4B56-A77C-0DEBB7EB12B1}.Release|Any CPU.ActiveCfg = Release|Any CPU
		{CCF7386E-33E9-4B56-A77C-0DEBB7EB12B1}.Release|Any CPU.Build.0 = Release|Any CPU
		{6A16956B-23D6-4BFF-8B54-BB6BD41D53F0}.Debug|Any CPU.ActiveCfg = Debug|Any CPU
		{6A16956B-23D6-4BFF-8B54-BB6BD41D53F0}.Debug|Any CPU.Build.0 = Debug|Any CPU
		{6A16956B-23D6-4BFF-8B54-BB6BD41D53F0}.Release|Any CPU.ActiveCfg = Release|Any CPU
		{6A16956B-23D6-4BFF-8B54-BB6BD41D53F0}.Release|Any CPU.Build.0 = Release|Any CPU
		{C14E56B1-6B5B-4363-804A-08A1855F65B8}.Debug|Any CPU.ActiveCfg = Debug|Any CPU
		{C14E56B1-6B5B-4363-804A-08A1855F65B8}.Debug|Any CPU.Build.0 = Debug|Any CPU
		{C14E56B1-6B5B-4363-804A-08A1855F65B8}.Release|Any CPU.ActiveCfg = Release|Any CPU
		{C14E56B1-6B5B-4363-804A-08A1855F65B8}.Release|Any CPU.Build.0 = Release|Any CPU
		{8D31E0F2-3DDF-460C-9298-28B87A54CCF2}.Debug|Any CPU.ActiveCfg = Debug|Any CPU
		{8D31E0F2-3DDF-460C-9298-28B87A54CCF2}.Debug|Any CPU.Build.0 = Debug|Any CPU
		{8D31E0F2-3DDF-460C-9298-28B87A54CCF2}.Release|Any CPU.ActiveCfg = Release|Any CPU
		{8D31E0F2-3DDF-460C-9298-28B87A54CCF2}.Release|Any CPU.Build.0 = Release|Any CPU
	EndGlobalSection
	GlobalSection(SolutionProperties) = preSolution
		HideSolutionNode = FALSE
	EndGlobalSection
	GlobalSection(NestedProjects) = preSolution
		{A317FD99-E84D-4357-99A7-895BB59739A5} = {EC34A1D1-60A4-4932-BF1E-C3209F958557}
		{25E97D6D-879D-4BA5-A9D9-66A47CD73065} = {EC34A1D1-60A4-4932-BF1E-C3209F958557}
		{CA393680-1D34-46A9-8AA3-4F35E0B11E3D} = {A317FD99-E84D-4357-99A7-895BB59739A5}
		{CCF7386E-33E9-4B56-A77C-0DEBB7EB12B1} = {25E97D6D-879D-4BA5-A9D9-66A47CD73065}
		{6A16956B-23D6-4BFF-8B54-BB6BD41D53F0} = {A317FD99-E84D-4357-99A7-895BB59739A5}
		{C14E56B1-6B5B-4363-804A-08A1855F65B8} = {A317FD99-E84D-4357-99A7-895BB59739A5}
		{8D31E0F2-3DDF-460C-9298-28B87A54CCF2} = {A317FD99-E84D-4357-99A7-895BB59739A5}
	EndGlobalSection
	GlobalSection(ExtensibilityGlobals) = postSolution
		SolutionGuid = {3174FF39-80B0-4F5A-954A-58E3DC08F9B1}
	EndGlobalSection
EndGlobal
