
Microsoft Visual Studio Solution File, Format Version 12.00
# Visual Studio 15
VisualStudioVersion = 15.0.28307.421
MinimumVisualStudioVersion = 10.0.40219.1
Project("{2150E333-8FDC-42A3-9474-1A3956D46DE8}") = "src", "src", "{EC34A1D1-60A4-4932-BF1E-C3209F958557}"
	ProjectSection(SolutionItems) = preProject
		docker-compose.yml = docker-compose.yml
	EndProjectSection
EndProject
Project("{2150E333-8FDC-42A3-9474-1A3956D46DE8}") = "services", "services", "{A317FD99-E84D-4357-99A7-895BB59739A5}"
EndProject
Project("{2150E333-8FDC-42A3-9474-1A3956D46DE8}") = "web", "web", "{25E97D6D-879D-4BA5-A9D9-66A47CD73065}"
EndProject
Project("{9A19103F-16F7-4668-BE54-9A1E7A4F7556}") = "BookAPI", "BookAPI\BookAPI.csproj", "{CA393680-1D34-46A9-8AA3-4F35E0B11E3D}"
EndProject
Project("{9A19103F-16F7-4668-BE54-9A1E7A4F7556}") = "WebMvc", "WebMvc\WebMvc.csproj", "{E87FF1A4-F26E-4145-AFAB-FF171329BFCA}"
EndProject
Project("{9A19103F-16F7-4668-BE54-9A1E7A4F7556}") = "TokenServiceApi", "TokenServiceApi\TokenServiceApi.csproj", "{832373C5-66BF-4865-9CAD-8E5FB92F99EB}"
EndProject
Project("{E53339B2-1760-4266-BCC7-CA923CBCF16C}") = "docker-compose", "docker-compose.dcproj", "{C58141D5-097B-4307-A223-33E3B866E72F}"
EndProject
Global
	GlobalSection(SolutionConfigurationPlatforms) = preSolution
		Debug|Any CPU = Debug|Any CPU
		Release|Any CPU = Release|Any CPU
	EndGlobalSection
	GlobalSection(ProjectConfigurationPlatforms) = postSolution
		{CA393680-1D34-46A9-8AA3-4F35E0B11E3D}.Debug|Any CPU.ActiveCfg = Debug|Any CPU
		{CA393680-1D34-46A9-8AA3-4F35E0B11E3D}.Debug|Any CPU.Build.0 = Debug|Any CPU
		{CA393680-1D34-46A9-8AA3-4F35E0B11E3D}.Release|Any CPU.ActiveCfg = Release|Any CPU
		{CA393680-1D34-46A9-8AA3-4F35E0B11E3D}.Release|Any CPU.Build.0 = Release|Any CPU
		{E87FF1A4-F26E-4145-AFAB-FF171329BFCA}.Debug|Any CPU.ActiveCfg = Debug|Any CPU
		{E87FF1A4-F26E-4145-AFAB-FF171329BFCA}.Debug|Any CPU.Build.0 = Debug|Any CPU
		{E87FF1A4-F26E-4145-AFAB-FF171329BFCA}.Release|Any CPU.ActiveCfg = Release|Any CPU
		{E87FF1A4-F26E-4145-AFAB-FF171329BFCA}.Release|Any CPU.Build.0 = Release|Any CPU
		{832373C5-66BF-4865-9CAD-8E5FB92F99EB}.Debug|Any CPU.ActiveCfg = Debug|Any CPU
		{832373C5-66BF-4865-9CAD-8E5FB92F99EB}.Debug|Any CPU.Build.0 = Debug|Any CPU
		{832373C5-66BF-4865-9CAD-8E5FB92F99EB}.Release|Any CPU.ActiveCfg = Release|Any CPU
		{832373C5-66BF-4865-9CAD-8E5FB92F99EB}.Release|Any CPU.Build.0 = Release|Any CPU
		{C58141D5-097B-4307-A223-33E3B866E72F}.Debug|Any CPU.ActiveCfg = Debug|Any CPU
		{C58141D5-097B-4307-A223-33E3B866E72F}.Debug|Any CPU.Build.0 = Debug|Any CPU
		{C58141D5-097B-4307-A223-33E3B866E72F}.Release|Any CPU.ActiveCfg = Release|Any CPU
		{C58141D5-097B-4307-A223-33E3B866E72F}.Release|Any CPU.Build.0 = Release|Any CPU
	EndGlobalSection
	GlobalSection(SolutionProperties) = preSolution
		HideSolutionNode = FALSE
	EndGlobalSection
	GlobalSection(NestedProjects) = preSolution
		{A317FD99-E84D-4357-99A7-895BB59739A5} = {EC34A1D1-60A4-4932-BF1E-C3209F958557}
		{25E97D6D-879D-4BA5-A9D9-66A47CD73065} = {EC34A1D1-60A4-4932-BF1E-C3209F958557}
		{CA393680-1D34-46A9-8AA3-4F35E0B11E3D} = {A317FD99-E84D-4357-99A7-895BB59739A5}
		{E87FF1A4-F26E-4145-AFAB-FF171329BFCA} = {25E97D6D-879D-4BA5-A9D9-66A47CD73065}
		{832373C5-66BF-4865-9CAD-8E5FB92F99EB} = {A317FD99-E84D-4357-99A7-895BB59739A5}
	EndGlobalSection
	GlobalSection(ExtensibilityGlobals) = postSolution
		SolutionGuid = {3174FF39-80B0-4F5A-954A-58E3DC08F9B1}
	EndGlobalSection
EndGlobal
